// !$*UTF8*$!
{
	archiveVersion = 1;
	classes = {
	};
	objectVersion = 55;
	objects = {

/* Begin PBXBuildFile section */
		22517D5F28DEE550008BB830 /* Scanner.swift in Sources */ = {isa = PBXBuildFile; fileRef = 22517D5E28DEE550008BB830 /* Scanner.swift */; };
		22517D6028DEE550008BB830 /* Scanner.swift in Sources */ = {isa = PBXBuildFile; fileRef = 22517D5E28DEE550008BB830 /* Scanner.swift */; };
		22517D6528E81878008BB830 /* ScannerHandler.swift in Sources */ = {isa = PBXBuildFile; fileRef = 22517D6428E81878008BB830 /* ScannerHandler.swift */; };
		22517D6628E81878008BB830 /* ScannerHandler.swift in Sources */ = {isa = PBXBuildFile; fileRef = 22517D6428E81878008BB830 /* ScannerHandler.swift */; };
		225CC90528FCD3FE007227D5 /* Assets.xcassets in Resources */ = {isa = PBXBuildFile; fileRef = 228519CC28B4848500E699F6 /* Assets.xcassets */; };
		225CC90728FCD48D007227D5 /* Apercu-Font in Resources */ = {isa = PBXBuildFile; fileRef = 225CC90628FCD48C007227D5 /* Apercu-Font */; };
		228519E328B4848500E699F6 /* Tests_iOS.swift in Sources */ = {isa = PBXBuildFile; fileRef = 228519E228B4848500E699F6 /* Tests_iOS.swift */; };
		228519E528B4848500E699F6 /* Tests_iOSLaunchTests.swift in Sources */ = {isa = PBXBuildFile; fileRef = 228519E428B4848500E699F6 /* Tests_iOSLaunchTests.swift */; };
		228519EF28B4848500E699F6 /* Tests_macOS.swift in Sources */ = {isa = PBXBuildFile; fileRef = 228519EE28B4848500E699F6 /* Tests_macOS.swift */; };
		228519F128B4848500E699F6 /* Tests_macOSLaunchTests.swift in Sources */ = {isa = PBXBuildFile; fileRef = 228519F028B4848500E699F6 /* Tests_macOSLaunchTests.swift */; };
		228519F228B4848500E699F6 /* SundaApp.swift in Sources */ = {isa = PBXBuildFile; fileRef = 228519CA28B4847E00E699F6 /* SundaApp.swift */; };
		228519F328B4848500E699F6 /* SundaApp.swift in Sources */ = {isa = PBXBuildFile; fileRef = 228519CA28B4847E00E699F6 /* SundaApp.swift */; };
		228519F428B4848500E699F6 /* ContentView.swift in Sources */ = {isa = PBXBuildFile; fileRef = 228519CB28B4847E00E699F6 /* ContentView.swift */; };
		228519F528B4848500E699F6 /* ContentView.swift in Sources */ = {isa = PBXBuildFile; fileRef = 228519CB28B4847E00E699F6 /* ContentView.swift */; };
		228519F728B4848500E699F6 /* Assets.xcassets in Resources */ = {isa = PBXBuildFile; fileRef = 228519CC28B4848500E699F6 /* Assets.xcassets */; };
		22851A0728B5CE1D00E699F6 /* HomeNavigationTest.swift in Sources */ = {isa = PBXBuildFile; fileRef = 22851A0628B5CE1D00E699F6 /* HomeNavigationTest.swift */; };
		22851A0828B5CE1D00E699F6 /* HomeNavigationTest.swift in Sources */ = {isa = PBXBuildFile; fileRef = 22851A0628B5CE1D00E699F6 /* HomeNavigationTest.swift */; };
		22851A0A28B991C800E699F6 /* SplashScreenView.swift in Sources */ = {isa = PBXBuildFile; fileRef = 22851A0928B991C800E699F6 /* SplashScreenView.swift */; };
		22851A0B28B991C800E699F6 /* SplashScreenView.swift in Sources */ = {isa = PBXBuildFile; fileRef = 22851A0928B991C800E699F6 /* SplashScreenView.swift */; };
		22851A1B28B9BF8800E699F6 /* FirstTime.swift in Sources */ = {isa = PBXBuildFile; fileRef = 22851A1A28B9BF8700E699F6 /* FirstTime.swift */; };
		22851A1C28B9BF8800E699F6 /* FirstTime.swift in Sources */ = {isa = PBXBuildFile; fileRef = 22851A1A28B9BF8700E699F6 /* FirstTime.swift */; };
		22851A2A28BDCE9500E699F6 /* FirstTimeForm.swift in Sources */ = {isa = PBXBuildFile; fileRef = 22851A2928BDCE9500E699F6 /* FirstTimeForm.swift */; };
		22851A2B28BDCE9500E699F6 /* FirstTimeForm.swift in Sources */ = {isa = PBXBuildFile; fileRef = 22851A2928BDCE9500E699F6 /* FirstTimeForm.swift */; };
/* End PBXBuildFile section */

/* Begin PBXContainerItemProxy section */
		228519DF28B4848500E699F6 /* PBXContainerItemProxy */ = {
			isa = PBXContainerItemProxy;
			containerPortal = 228519C528B4847D00E699F6 /* Project object */;
			proxyType = 1;
			remoteGlobalIDString = 228519D028B4848500E699F6;
			remoteInfo = "Sunda (iOS)";
		};
		228519EB28B4848500E699F6 /* PBXContainerItemProxy */ = {
			isa = PBXContainerItemProxy;
			containerPortal = 228519C528B4847D00E699F6 /* Project object */;
			proxyType = 1;
			remoteGlobalIDString = 228519D628B4848500E699F6;
			remoteInfo = "Sunda (macOS)";
		};
/* End PBXContainerItemProxy section */

/* Begin PBXFileReference section */
		22517D5E28DEE550008BB830 /* Scanner.swift */ = {isa = PBXFileReference; lastKnownFileType = sourcecode.swift; path = Scanner.swift; sourceTree = "<group>"; };
		22517D6428E81878008BB830 /* ScannerHandler.swift */ = {isa = PBXFileReference; lastKnownFileType = sourcecode.swift; path = ScannerHandler.swift; sourceTree = "<group>"; };
		225CC90628FCD48C007227D5 /* Apercu-Font */ = {isa = PBXFileReference; lastKnownFileType = folder; name = "Apercu-Font"; path = "../../../../../Downloads/Apercu/Apercu/Apercu-Font"; sourceTree = "<group>"; };
		228519CA28B4847E00E699F6 /* SundaApp.swift */ = {isa = PBXFileReference; lastKnownFileType = sourcecode.swift; path = SundaApp.swift; sourceTree = "<group>"; };
		228519CB28B4847E00E699F6 /* ContentView.swift */ = {isa = PBXFileReference; lastKnownFileType = sourcecode.swift; path = ContentView.swift; sourceTree = "<group>"; };
		228519CC28B4848500E699F6 /* Assets.xcassets */ = {isa = PBXFileReference; lastKnownFileType = folder.assetcatalog; path = Assets.xcassets; sourceTree = "<group>"; };
		228519D128B4848500E699F6 /* Sunda.app */ = {isa = PBXFileReference; explicitFileType = wrapper.application; includeInIndex = 0; path = Sunda.app; sourceTree = BUILT_PRODUCTS_DIR; };
		228519D728B4848500E699F6 /* Sunda.app */ = {isa = PBXFileReference; explicitFileType = wrapper.application; includeInIndex = 0; path = Sunda.app; sourceTree = BUILT_PRODUCTS_DIR; };
		228519D928B4848500E699F6 /* macOS.entitlements */ = {isa = PBXFileReference; lastKnownFileType = text.plist.entitlements; path = macOS.entitlements; sourceTree = "<group>"; };
		228519DE28B4848500E699F6 /* Tests iOS.xctest */ = {isa = PBXFileReference; explicitFileType = wrapper.cfbundle; includeInIndex = 0; path = "Tests iOS.xctest"; sourceTree = BUILT_PRODUCTS_DIR; };
		228519E228B4848500E699F6 /* Tests_iOS.swift */ = {isa = PBXFileReference; lastKnownFileType = sourcecode.swift; path = Tests_iOS.swift; sourceTree = "<group>"; };
		228519E428B4848500E699F6 /* Tests_iOSLaunchTests.swift */ = {isa = PBXFileReference; lastKnownFileType = sourcecode.swift; path = Tests_iOSLaunchTests.swift; sourceTree = "<group>"; };
		228519EA28B4848500E699F6 /* Tests macOS.xctest */ = {isa = PBXFileReference; explicitFileType = wrapper.cfbundle; includeInIndex = 0; path = "Tests macOS.xctest"; sourceTree = BUILT_PRODUCTS_DIR; };
		228519EE28B4848500E699F6 /* Tests_macOS.swift */ = {isa = PBXFileReference; lastKnownFileType = sourcecode.swift; path = Tests_macOS.swift; sourceTree = "<group>"; };
		228519F028B4848500E699F6 /* Tests_macOSLaunchTests.swift */ = {isa = PBXFileReference; lastKnownFileType = sourcecode.swift; path = Tests_macOSLaunchTests.swift; sourceTree = "<group>"; };
		22851A0628B5CE1D00E699F6 /* HomeNavigationTest.swift */ = {isa = PBXFileReference; lastKnownFileType = sourcecode.swift; path = HomeNavigationTest.swift; sourceTree = "<group>"; };
		22851A0928B991C800E699F6 /* SplashScreenView.swift */ = {isa = PBXFileReference; lastKnownFileType = sourcecode.swift; path = SplashScreenView.swift; sourceTree = "<group>"; };
		22851A1328B9A87200E699F6 /* Sunda--iOS--Info.plist */ = {isa = PBXFileReference; lastKnownFileType = text.plist.xml; path = "Sunda--iOS--Info.plist"; sourceTree = "<group>"; };
		22851A1A28B9BF8700E699F6 /* FirstTime.swift */ = {isa = PBXFileReference; lastKnownFileType = sourcecode.swift; path = FirstTime.swift; sourceTree = "<group>"; };
		22851A2928BDCE9500E699F6 /* FirstTimeForm.swift */ = {isa = PBXFileReference; lastKnownFileType = sourcecode.swift; path = FirstTimeForm.swift; sourceTree = "<group>"; };
/* End PBXFileReference section */

/* Begin PBXFrameworksBuildPhase section */
		228519CE28B4848500E699F6 /* Frameworks */ = {
			isa = PBXFrameworksBuildPhase;
			buildActionMask = 2147483647;
			files = (
			);
			runOnlyForDeploymentPostprocessing = 0;
		};
		228519D428B4848500E699F6 /* Frameworks */ = {
			isa = PBXFrameworksBuildPhase;
			buildActionMask = 2147483647;
			files = (
			);
			runOnlyForDeploymentPostprocessing = 0;
		};
		228519DB28B4848500E699F6 /* Frameworks */ = {
			isa = PBXFrameworksBuildPhase;
			buildActionMask = 2147483647;
			files = (
			);
			runOnlyForDeploymentPostprocessing = 0;
		};
		228519E728B4848500E699F6 /* Frameworks */ = {
			isa = PBXFrameworksBuildPhase;
			buildActionMask = 2147483647;
			files = (
			);
			runOnlyForDeploymentPostprocessing = 0;
		};
/* End PBXFrameworksBuildPhase section */

/* Begin PBXGroup section */
		228519C428B4847D00E699F6 = {
			isa = PBXGroup;
			children = (
				225CC90628FCD48C007227D5 /* Apercu-Font */,
				22851A1328B9A87200E699F6 /* Sunda--iOS--Info.plist */,
				228519C928B4847E00E699F6 /* Shared */,
				228519D828B4848500E699F6 /* macOS */,
				228519E128B4848500E699F6 /* Tests iOS */,
				228519ED28B4848500E699F6 /* Tests macOS */,
				228519D228B4848500E699F6 /* Products */,
			);
			sourceTree = "<group>";
		};
		228519C928B4847E00E699F6 /* Shared */ = {
			isa = PBXGroup;
			children = (
				228519CA28B4847E00E699F6 /* SundaApp.swift */,
				228519CB28B4847E00E699F6 /* ContentView.swift */,
				22851A1A28B9BF8700E699F6 /* FirstTime.swift */,
				22851A2928BDCE9500E699F6 /* FirstTimeForm.swift */,
				22851A0928B991C800E699F6 /* SplashScreenView.swift */,
				228519CC28B4848500E699F6 /* Assets.xcassets */,
				22851A0628B5CE1D00E699F6 /* HomeNavigationTest.swift */,
				22517D5E28DEE550008BB830 /* Scanner.swift */,
				22517D6428E81878008BB830 /* ScannerHandler.swift */,
			);
			path = Shared;
			sourceTree = "<group>";
		};
		228519D228B4848500E699F6 /* Products */ = {
			isa = PBXGroup;
			children = (
				228519D128B4848500E699F6 /* Sunda.app */,
				228519D728B4848500E699F6 /* Sunda.app */,
				228519DE28B4848500E699F6 /* Tests iOS.xctest */,
				228519EA28B4848500E699F6 /* Tests macOS.xctest */,
			);
			name = Products;
			sourceTree = "<group>";
		};
		228519D828B4848500E699F6 /* macOS */ = {
			isa = PBXGroup;
			children = (
				228519D928B4848500E699F6 /* macOS.entitlements */,
			);
			path = macOS;
			sourceTree = "<group>";
		};
		228519E128B4848500E699F6 /* Tests iOS */ = {
			isa = PBXGroup;
			children = (
				228519E228B4848500E699F6 /* Tests_iOS.swift */,
				228519E428B4848500E699F6 /* Tests_iOSLaunchTests.swift */,
			);
			path = "Tests iOS";
			sourceTree = "<group>";
		};
		228519ED28B4848500E699F6 /* Tests macOS */ = {
			isa = PBXGroup;
			children = (
				228519EE28B4848500E699F6 /* Tests_macOS.swift */,
				228519F028B4848500E699F6 /* Tests_macOSLaunchTests.swift */,
			);
			path = "Tests macOS";
			sourceTree = "<group>";
		};
/* End PBXGroup section */

/* Begin PBXNativeTarget section */
		228519D028B4848500E699F6 /* Sunda (iOS) */ = {
			isa = PBXNativeTarget;
			buildConfigurationList = 228519FA28B4848500E699F6 /* Build configuration list for PBXNativeTarget "Sunda (iOS)" */;
			buildPhases = (
				228519CD28B4848500E699F6 /* Sources */,
				228519CE28B4848500E699F6 /* Frameworks */,
				225CC8F228FCD3ED007227D5 /* Resources */,
			);
			buildRules = (
			);
			dependencies = (
			);
			name = "Sunda (iOS)";
			productName = "Sunda (iOS)";
			productReference = 228519D128B4848500E699F6 /* Sunda.app */;
			productType = "com.apple.product-type.application";
		};
		228519D628B4848500E699F6 /* Sunda (macOS) */ = {
			isa = PBXNativeTarget;
			buildConfigurationList = 228519FD28B4848500E699F6 /* Build configuration list for PBXNativeTarget "Sunda (macOS)" */;
			buildPhases = (
				228519D328B4848500E699F6 /* Sources */,
				228519D428B4848500E699F6 /* Frameworks */,
				228519D528B4848500E699F6 /* Resources */,
			);
			buildRules = (
			);
			dependencies = (
			);
			name = "Sunda (macOS)";
			productName = "Sunda (macOS)";
			productReference = 228519D728B4848500E699F6 /* Sunda.app */;
			productType = "com.apple.product-type.application";
		};
		228519DD28B4848500E699F6 /* Tests iOS */ = {
			isa = PBXNativeTarget;
			buildConfigurationList = 22851A0028B4848500E699F6 /* Build configuration list for PBXNativeTarget "Tests iOS" */;
			buildPhases = (
				228519DA28B4848500E699F6 /* Sources */,
				228519DB28B4848500E699F6 /* Frameworks */,
				228519DC28B4848500E699F6 /* Resources */,
			);
			buildRules = (
			);
			dependencies = (
				228519E028B4848500E699F6 /* PBXTargetDependency */,
			);
			name = "Tests iOS";
			productName = "Tests iOS";
			productReference = 228519DE28B4848500E699F6 /* Tests iOS.xctest */;
			productType = "com.apple.product-type.bundle.ui-testing";
		};
		228519E928B4848500E699F6 /* Tests macOS */ = {
			isa = PBXNativeTarget;
			buildConfigurationList = 22851A0328B4848500E699F6 /* Build configuration list for PBXNativeTarget "Tests macOS" */;
			buildPhases = (
				228519E628B4848500E699F6 /* Sources */,
				228519E728B4848500E699F6 /* Frameworks */,
				228519E828B4848500E699F6 /* Resources */,
			);
			buildRules = (
			);
			dependencies = (
				228519EC28B4848500E699F6 /* PBXTargetDependency */,
			);
			name = "Tests macOS";
			productName = "Tests macOS";
			productReference = 228519EA28B4848500E699F6 /* Tests macOS.xctest */;
			productType = "com.apple.product-type.bundle.ui-testing";
		};
/* End PBXNativeTarget section */

/* Begin PBXProject section */
		228519C528B4847D00E699F6 /* Project object */ = {
			isa = PBXProject;
			attributes = {
				BuildIndependentTargetsInParallel = 1;
				LastSwiftUpdateCheck = 1340;
				LastUpgradeCheck = 1340;
				TargetAttributes = {
					228519D028B4848500E699F6 = {
						CreatedOnToolsVersion = 13.4.1;
					};
					228519D628B4848500E699F6 = {
						CreatedOnToolsVersion = 13.4.1;
					};
					228519DD28B4848500E699F6 = {
						CreatedOnToolsVersion = 13.4.1;
						TestTargetID = 228519D028B4848500E699F6;
					};
					228519E928B4848500E699F6 = {
						CreatedOnToolsVersion = 13.4.1;
						TestTargetID = 228519D628B4848500E699F6;
					};
				};
			};
			buildConfigurationList = 228519C828B4847D00E699F6 /* Build configuration list for PBXProject "Sunda" */;
			compatibilityVersion = "Xcode 13.0";
			developmentRegion = en;
			hasScannedForEncodings = 0;
			knownRegions = (
				en,
				Base,
			);
			mainGroup = 228519C428B4847D00E699F6;
			productRefGroup = 228519D228B4848500E699F6 /* Products */;
			projectDirPath = "";
			projectRoot = "";
			targets = (
				228519D028B4848500E699F6 /* Sunda (iOS) */,
				228519D628B4848500E699F6 /* Sunda (macOS) */,
				228519DD28B4848500E699F6 /* Tests iOS */,
				228519E928B4848500E699F6 /* Tests macOS */,
			);
		};
/* End PBXProject section */

/* Begin PBXResourcesBuildPhase section */
		225CC8F228FCD3ED007227D5 /* Resources */ = {
			isa = PBXResourcesBuildPhase;
			buildActionMask = 2147483647;
			files = (
				225CC90528FCD3FE007227D5 /* Assets.xcassets in Resources */,
				225CC90728FCD48D007227D5 /* Apercu-Font in Resources */,
			);
			runOnlyForDeploymentPostprocessing = 0;
		};
		228519D528B4848500E699F6 /* Resources */ = {
			isa = PBXResourcesBuildPhase;
			buildActionMask = 2147483647;
			files = (
				228519F728B4848500E699F6 /* Assets.xcassets in Resources */,
			);
			runOnlyForDeploymentPostprocessing = 0;
		};
		228519DC28B4848500E699F6 /* Resources */ = {
			isa = PBXResourcesBuildPhase;
			buildActionMask = 2147483647;
			files = (
			);
			runOnlyForDeploymentPostprocessing = 0;
		};
		228519E828B4848500E699F6 /* Resources */ = {
			isa = PBXResourcesBuildPhase;
			buildActionMask = 2147483647;
			files = (
			);
			runOnlyForDeploymentPostprocessing = 0;
		};
/* End PBXResourcesBuildPhase section */

/* Begin PBXSourcesBuildPhase section */
		228519CD28B4848500E699F6 /* Sources */ = {
			isa = PBXSourcesBuildPhase;
			buildActionMask = 2147483647;
			files = (
				228519F428B4848500E699F6 /* ContentView.swift in Sources */,
				228519F228B4848500E699F6 /* SundaApp.swift in Sources */,
				22851A0728B5CE1D00E699F6 /* HomeNavigationTest.swift in Sources */,
				22851A1B28B9BF8800E699F6 /* FirstTime.swift in Sources */,
				22851A0A28B991C800E699F6 /* SplashScreenView.swift in Sources */,
				22517D5F28DEE550008BB830 /* Scanner.swift in Sources */,
				22851A2A28BDCE9500E699F6 /* FirstTimeForm.swift in Sources */,
				22517D6528E81878008BB830 /* ScannerHandler.swift in Sources */,
			);
			runOnlyForDeploymentPostprocessing = 0;
		};
		228519D328B4848500E699F6 /* Sources */ = {
			isa = PBXSourcesBuildPhase;
			buildActionMask = 2147483647;
			files = (
				228519F528B4848500E699F6 /* ContentView.swift in Sources */,
				228519F328B4848500E699F6 /* SundaApp.swift in Sources */,
				22851A0828B5CE1D00E699F6 /* HomeNavigationTest.swift in Sources */,
				22851A1C28B9BF8800E699F6 /* FirstTime.swift in Sources */,
				22851A0B28B991C800E699F6 /* SplashScreenView.swift in Sources */,
				22517D6028DEE550008BB830 /* Scanner.swift in Sources */,
				22851A2B28BDCE9500E699F6 /* FirstTimeForm.swift in Sources */,
				22517D6628E81878008BB830 /* ScannerHandler.swift in Sources */,
			);
			runOnlyForDeploymentPostprocessing = 0;
		};
		228519DA28B4848500E699F6 /* Sources */ = {
			isa = PBXSourcesBuildPhase;
			buildActionMask = 2147483647;
			files = (
				228519E528B4848500E699F6 /* Tests_iOSLaunchTests.swift in Sources */,
				228519E328B4848500E699F6 /* Tests_iOS.swift in Sources */,
			);
			runOnlyForDeploymentPostprocessing = 0;
		};
		228519E628B4848500E699F6 /* Sources */ = {
			isa = PBXSourcesBuildPhase;
			buildActionMask = 2147483647;
			files = (
				228519F128B4848500E699F6 /* Tests_macOSLaunchTests.swift in Sources */,
				228519EF28B4848500E699F6 /* Tests_macOS.swift in Sources */,
			);
			runOnlyForDeploymentPostprocessing = 0;
		};
/* End PBXSourcesBuildPhase section */

/* Begin PBXTargetDependency section */
		228519E028B4848500E699F6 /* PBXTargetDependency */ = {
			isa = PBXTargetDependency;
			target = 228519D028B4848500E699F6 /* Sunda (iOS) */;
			targetProxy = 228519DF28B4848500E699F6 /* PBXContainerItemProxy */;
		};
		228519EC28B4848500E699F6 /* PBXTargetDependency */ = {
			isa = PBXTargetDependency;
			target = 228519D628B4848500E699F6 /* Sunda (macOS) */;
			targetProxy = 228519EB28B4848500E699F6 /* PBXContainerItemProxy */;
		};
/* End PBXTargetDependency section */

/* Begin XCBuildConfiguration section */
		228519F828B4848500E699F6 /* Debug */ = {
			isa = XCBuildConfiguration;
			buildSettings = {
				ALWAYS_SEARCH_USER_PATHS = NO;
				CLANG_ANALYZER_NONNULL = YES;
				CLANG_ANALYZER_NUMBER_OBJECT_CONVERSION = YES_AGGRESSIVE;
				CLANG_CXX_LANGUAGE_STANDARD = "gnu++17";
				CLANG_ENABLE_MODULES = YES;
				CLANG_ENABLE_OBJC_ARC = YES;
				CLANG_ENABLE_OBJC_WEAK = YES;
				CLANG_WARN_BLOCK_CAPTURE_AUTORELEASING = YES;
				CLANG_WARN_BOOL_CONVERSION = YES;
				CLANG_WARN_COMMA = YES;
				CLANG_WARN_CONSTANT_CONVERSION = YES;
				CLANG_WARN_DEPRECATED_OBJC_IMPLEMENTATIONS = YES;
				CLANG_WARN_DIRECT_OBJC_ISA_USAGE = YES_ERROR;
				CLANG_WARN_DOCUMENTATION_COMMENTS = YES;
				CLANG_WARN_EMPTY_BODY = YES;
				CLANG_WARN_ENUM_CONVERSION = YES;
				CLANG_WARN_INFINITE_RECURSION = YES;
				CLANG_WARN_INT_CONVERSION = YES;
				CLANG_WARN_NON_LITERAL_NULL_CONVERSION = YES;
				CLANG_WARN_OBJC_IMPLICIT_RETAIN_SELF = YES;
				CLANG_WARN_OBJC_LITERAL_CONVERSION = YES;
				CLANG_WARN_OBJC_ROOT_CLASS = YES_ERROR;
				CLANG_WARN_QUOTED_INCLUDE_IN_FRAMEWORK_HEADER = YES;
				CLANG_WARN_RANGE_LOOP_ANALYSIS = YES;
				CLANG_WARN_STRICT_PROTOTYPES = YES;
				CLANG_WARN_SUSPICIOUS_MOVE = YES;
				CLANG_WARN_UNGUARDED_AVAILABILITY = YES_AGGRESSIVE;
				CLANG_WARN_UNREACHABLE_CODE = YES;
				CLANG_WARN__DUPLICATE_METHOD_MATCH = YES;
				COPY_PHASE_STRIP = NO;
				DEBUG_INFORMATION_FORMAT = dwarf;
				ENABLE_STRICT_OBJC_MSGSEND = YES;
				ENABLE_TESTABILITY = YES;
				GCC_C_LANGUAGE_STANDARD = gnu11;
				GCC_DYNAMIC_NO_PIC = NO;
				GCC_NO_COMMON_BLOCKS = YES;
				GCC_OPTIMIZATION_LEVEL = 0;
				GCC_PREPROCESSOR_DEFINITIONS = (
					"DEBUG=1",
					"$(inherited)",
				);
				GCC_WARN_64_TO_32_BIT_CONVERSION = YES;
				GCC_WARN_ABOUT_RETURN_TYPE = YES_ERROR;
				GCC_WARN_UNDECLARED_SELECTOR = YES;
				GCC_WARN_UNINITIALIZED_AUTOS = YES_AGGRESSIVE;
				GCC_WARN_UNUSED_FUNCTION = YES;
				GCC_WARN_UNUSED_VARIABLE = YES;
				MTL_ENABLE_DEBUG_INFO = INCLUDE_SOURCE;
				MTL_FAST_MATH = YES;
				ONLY_ACTIVE_ARCH = YES;
				SWIFT_ACTIVE_COMPILATION_CONDITIONS = DEBUG;
				SWIFT_OPTIMIZATION_LEVEL = "-Onone";
			};
			name = Debug;
		};
		228519F928B4848500E699F6 /* Release */ = {
			isa = XCBuildConfiguration;
			buildSettings = {
				ALWAYS_SEARCH_USER_PATHS = NO;
				CLANG_ANALYZER_NONNULL = YES;
				CLANG_ANALYZER_NUMBER_OBJECT_CONVERSION = YES_AGGRESSIVE;
				CLANG_CXX_LANGUAGE_STANDARD = "gnu++17";
				CLANG_ENABLE_MODULES = YES;
				CLANG_ENABLE_OBJC_ARC = YES;
				CLANG_ENABLE_OBJC_WEAK = YES;
				CLANG_WARN_BLOCK_CAPTURE_AUTORELEASING = YES;
				CLANG_WARN_BOOL_CONVERSION = YES;
				CLANG_WARN_COMMA = YES;
				CLANG_WARN_CONSTANT_CONVERSION = YES;
				CLANG_WARN_DEPRECATED_OBJC_IMPLEMENTATIONS = YES;
				CLANG_WARN_DIRECT_OBJC_ISA_USAGE = YES_ERROR;
				CLANG_WARN_DOCUMENTATION_COMMENTS = YES;
				CLANG_WARN_EMPTY_BODY = YES;
				CLANG_WARN_ENUM_CONVERSION = YES;
				CLANG_WARN_INFINITE_RECURSION = YES;
				CLANG_WARN_INT_CONVERSION = YES;
				CLANG_WARN_NON_LITERAL_NULL_CONVERSION = YES;
				CLANG_WARN_OBJC_IMPLICIT_RETAIN_SELF = YES;
				CLANG_WARN_OBJC_LITERAL_CONVERSION = YES;
				CLANG_WARN_OBJC_ROOT_CLASS = YES_ERROR;
				CLANG_WARN_QUOTED_INCLUDE_IN_FRAMEWORK_HEADER = YES;
				CLANG_WARN_RANGE_LOOP_ANALYSIS = YES;
				CLANG_WARN_STRICT_PROTOTYPES = YES;
				CLANG_WARN_SUSPICIOUS_MOVE = YES;
				CLANG_WARN_UNGUARDED_AVAILABILITY = YES_AGGRESSIVE;
				CLANG_WARN_UNREACHABLE_CODE = YES;
				CLANG_WARN__DUPLICATE_METHOD_MATCH = YES;
				COPY_PHASE_STRIP = NO;
				DEBUG_INFORMATION_FORMAT = "dwarf-with-dsym";
				ENABLE_NS_ASSERTIONS = NO;
				ENABLE_STRICT_OBJC_MSGSEND = YES;
				GCC_C_LANGUAGE_STANDARD = gnu11;
				GCC_NO_COMMON_BLOCKS = YES;
				GCC_WARN_64_TO_32_BIT_CONVERSION = YES;
				GCC_WARN_ABOUT_RETURN_TYPE = YES_ERROR;
				GCC_WARN_UNDECLARED_SELECTOR = YES;
				GCC_WARN_UNINITIALIZED_AUTOS = YES_AGGRESSIVE;
				GCC_WARN_UNUSED_FUNCTION = YES;
				GCC_WARN_UNUSED_VARIABLE = YES;
				MTL_ENABLE_DEBUG_INFO = NO;
				MTL_FAST_MATH = YES;
				SWIFT_COMPILATION_MODE = wholemodule;
				SWIFT_OPTIMIZATION_LEVEL = "-O";
			};
			name = Release;
		};
		228519FB28B4848500E699F6 /* Debug */ = {
			isa = XCBuildConfiguration;
			buildSettings = {
				ASSETCATALOG_COMPILER_APPICON_NAME = AppIcon;
				ASSETCATALOG_COMPILER_GLOBAL_ACCENT_COLOR_NAME = AccentColor;
				CODE_SIGN_STYLE = Automatic;
				CURRENT_PROJECT_VERSION = 1;
				DEVELOPMENT_TEAM = 735N8VD655;
				ENABLE_PREVIEWS = YES;
				GENERATE_INFOPLIST_FILE = YES;
				INFOPLIST_FILE = "Sunda--iOS--Info.plist";
				INFOPLIST_KEY_NSCameraUsageDescription = "";
				INFOPLIST_KEY_UIApplicationSceneManifest_Generation = YES;
				INFOPLIST_KEY_UIApplicationSupportsIndirectInputEvents = YES;
				INFOPLIST_KEY_UILaunchScreen_Generation = YES;
				INFOPLIST_KEY_UISupportedInterfaceOrientations_iPad = "UIInterfaceOrientationPortrait UIInterfaceOrientationPortraitUpsideDown UIInterfaceOrientationLandscapeLeft UIInterfaceOrientationLandscapeRight";
				INFOPLIST_KEY_UISupportedInterfaceOrientations_iPhone = "UIInterfaceOrientationPortrait UIInterfaceOrientationLandscapeLeft UIInterfaceOrientationLandscapeRight";
				IPHONEOS_DEPLOYMENT_TARGET = 15.5;
				LD_RUNPATH_SEARCH_PATHS = (
					"$(inherited)",
					"@executable_path/Frameworks",
				);
				MARKETING_VERSION = 1.0;
				PRODUCT_BUNDLE_IDENTIFIER = io.github.gatescode.Sunda;
				PRODUCT_NAME = Sunda;
				SDKROOT = iphoneos;
				SWIFT_EMIT_LOC_STRINGS = YES;
				SWIFT_VERSION = 5.0;
				TARGETED_DEVICE_FAMILY = "1,2";
			};
			name = Debug;
		};
		228519FC28B4848500E699F6 /* Release */ = {
			isa = XCBuildConfiguration;
			buildSettings = {
				ASSETCATALOG_COMPILER_APPICON_NAME = AppIcon;
				ASSETCATALOG_COMPILER_GLOBAL_ACCENT_COLOR_NAME = AccentColor;
				CODE_SIGN_STYLE = Automatic;
				CURRENT_PROJECT_VERSION = 1;
				DEVELOPMENT_TEAM = 735N8VD655;
				ENABLE_PREVIEWS = YES;
				GENERATE_INFOPLIST_FILE = YES;
				INFOPLIST_FILE = "Sunda--iOS--Info.plist";
				INFOPLIST_KEY_NSCameraUsageDescription = "";
				INFOPLIST_KEY_UIApplicationSceneManifest_Generation = YES;
				INFOPLIST_KEY_UIApplicationSupportsIndirectInputEvents = YES;
				INFOPLIST_KEY_UILaunchScreen_Generation = YES;
				INFOPLIST_KEY_UISupportedInterfaceOrientations_iPad = "UIInterfaceOrientationPortrait UIInterfaceOrientationPortraitUpsideDown UIInterfaceOrientationLandscapeLeft UIInterfaceOrientationLandscapeRight";
				INFOPLIST_KEY_UISupportedInterfaceOrientations_iPhone = "UIInterfaceOrientationPortrait UIInterfaceOrientationLandscapeLeft UIInterfaceOrientationLandscapeRight";
				IPHONEOS_DEPLOYMENT_TARGET = 15.5;
				LD_RUNPATH_SEARCH_PATHS = (
					"$(inherited)",
					"@executable_path/Frameworks",
				);
				MARKETING_VERSION = 1.0;
				PRODUCT_BUNDLE_IDENTIFIER = io.github.gatescode.Sunda;
				PRODUCT_NAME = Sunda;
				SDKROOT = iphoneos;
				SWIFT_EMIT_LOC_STRINGS = YES;
				SWIFT_VERSION = 5.0;
				TARGETED_DEVICE_FAMILY = "1,2";
				VALIDATE_PRODUCT = YES;
			};
			name = Release;
		};
		228519FE28B4848500E699F6 /* Debug */ = {
			isa = XCBuildConfiguration;
			buildSettings = {
				ASSETCATALOG_COMPILER_APPICON_NAME = AppIcon;
				ASSETCATALOG_COMPILER_GLOBAL_ACCENT_COLOR_NAME = AccentColor;
				CODE_SIGN_ENTITLEMENTS = macOS/macOS.entitlements;
				CODE_SIGN_STYLE = Automatic;
				COMBINE_HIDPI_IMAGES = YES;
				CURRENT_PROJECT_VERSION = 1;
				ENABLE_PREVIEWS = YES;
				GENERATE_INFOPLIST_FILE = YES;
				INFOPLIST_KEY_NSHumanReadableCopyright = "";
				LD_RUNPATH_SEARCH_PATHS = (
					"$(inherited)",
					"@executable_path/../Frameworks",
				);
				MACOSX_DEPLOYMENT_TARGET = 12.2;
				MARKETING_VERSION = 1.0;
				PRODUCT_BUNDLE_IDENTIFIER = io.github.gatescode.Sunda;
				PRODUCT_NAME = Sunda;
				SDKROOT = macosx;
				SWIFT_EMIT_LOC_STRINGS = YES;
				SWIFT_VERSION = 5.0;
			};
			name = Debug;
		};
		228519FF28B4848500E699F6 /* Release */ = {
			isa = XCBuildConfiguration;
			buildSettings = {
				ASSETCATALOG_COMPILER_APPICON_NAME = AppIcon;
				ASSETCATALOG_COMPILER_GLOBAL_ACCENT_COLOR_NAME = AccentColor;
				CODE_SIGN_ENTITLEMENTS = macOS/macOS.entitlements;
				CODE_SIGN_STYLE = Automatic;
				COMBINE_HIDPI_IMAGES = YES;
				CURRENT_PROJECT_VERSION = 1;
				ENABLE_PREVIEWS = YES;
				GENERATE_INFOPLIST_FILE = YES;
				INFOPLIST_KEY_NSHumanReadableCopyright = "";
				LD_RUNPATH_SEARCH_PATHS = (
					"$(inherited)",
					"@executable_path/../Frameworks",
				);
				MACOSX_DEPLOYMENT_TARGET = 12.2;
				MARKETING_VERSION = 1.0;
				PRODUCT_BUNDLE_IDENTIFIER = io.github.gatescode.Sunda;
				PRODUCT_NAME = Sunda;
				SDKROOT = macosx;
				SWIFT_EMIT_LOC_STRINGS = YES;
				SWIFT_VERSION = 5.0;
			};
			name = Release;
		};
		22851A0128B4848500E699F6 /* Debug */ = {
			isa = XCBuildConfiguration;
			buildSettings = {
				ALWAYS_EMBED_SWIFT_STANDARD_LIBRARIES = YES;
				CODE_SIGN_STYLE = Automatic;
				CURRENT_PROJECT_VERSION = 1;
				GENERATE_INFOPLIST_FILE = YES;
				IPHONEOS_DEPLOYMENT_TARGET = 15.5;
				MARKETING_VERSION = 1.0;
				PRODUCT_BUNDLE_IDENTIFIER = "io.github.gatescode.Tests-iOS";
				PRODUCT_NAME = "$(TARGET_NAME)";
				SDKROOT = iphoneos;
				SWIFT_EMIT_LOC_STRINGS = NO;
				SWIFT_VERSION = 5.0;
				TARGETED_DEVICE_FAMILY = "1,2";
				TEST_TARGET_NAME = "Sunda (iOS)";
			};
			name = Debug;
		};
		22851A0228B4848500E699F6 /* Release */ = {
			isa = XCBuildConfiguration;
			buildSettings = {
				ALWAYS_EMBED_SWIFT_STANDARD_LIBRARIES = YES;
				CODE_SIGN_STYLE = Automatic;
				CURRENT_PROJECT_VERSION = 1;
				GENERATE_INFOPLIST_FILE = YES;
				IPHONEOS_DEPLOYMENT_TARGET = 15.5;
				MARKETING_VERSION = 1.0;
				PRODUCT_BUNDLE_IDENTIFIER = "io.github.gatescode.Tests-iOS";
				PRODUCT_NAME = "$(TARGET_NAME)";
				SDKROOT = iphoneos;
				SWIFT_EMIT_LOC_STRINGS = NO;
				SWIFT_VERSION = 5.0;
				TARGETED_DEVICE_FAMILY = "1,2";
				TEST_TARGET_NAME = "Sunda (iOS)";
				VALIDATE_PRODUCT = YES;
			};
			name = Release;
		};
		22851A0428B4848500E699F6 /* Debug */ = {
			isa = XCBuildConfiguration;
			buildSettings = {
				ALWAYS_EMBED_SWIFT_STANDARD_LIBRARIES = YES;
				CODE_SIGN_STYLE = Automatic;
				CURRENT_PROJECT_VERSION = 1;
				GENERATE_INFOPLIST_FILE = YES;
				MACOSX_DEPLOYMENT_TARGET = 12.2;
				MARKETING_VERSION = 1.0;
				PRODUCT_BUNDLE_IDENTIFIER = "io.github.gatescode.Tests-macOS";
				PRODUCT_NAME = "$(TARGET_NAME)";
				SDKROOT = macosx;
				SWIFT_EMIT_LOC_STRINGS = NO;
				SWIFT_VERSION = 5.0;
				TEST_TARGET_NAME = "Sunda (macOS)";
			};
			name = Debug;
		};
		22851A0528B4848500E699F6 /* Release */ = {
			isa = XCBuildConfiguration;
			buildSettings = {
				ALWAYS_EMBED_SWIFT_STANDARD_LIBRARIES = YES;
				CODE_SIGN_STYLE = Automatic;
				CURRENT_PROJECT_VERSION = 1;
				GENERATE_INFOPLIST_FILE = YES;
				MACOSX_DEPLOYMENT_TARGET = 12.2;
				MARKETING_VERSION = 1.0;
				PRODUCT_BUNDLE_IDENTIFIER = "io.github.gatescode.Tests-macOS";
				PRODUCT_NAME = "$(TARGET_NAME)";
				SDKROOT = macosx;
				SWIFT_EMIT_LOC_STRINGS = NO;
				SWIFT_VERSION = 5.0;
				TEST_TARGET_NAME = "Sunda (macOS)";
			};
			name = Release;
		};
/* End XCBuildConfiguration section */

/* Begin XCConfigurationList section */
		228519C828B4847D00E699F6 /* Build configuration list for PBXProject "Sunda" */ = {
			isa = XCConfigurationList;
			buildConfigurations = (
				228519F828B4848500E699F6 /* Debug */,
				228519F928B4848500E699F6 /* Release */,
			);
			defaultConfigurationIsVisible = 0;
			defaultConfigurationName = Release;
		};
		228519FA28B4848500E699F6 /* Build configuration list for PBXNativeTarget "Sunda (iOS)" */ = {
			isa = XCConfigurationList;
			buildConfigurations = (
				228519FB28B4848500E699F6 /* Debug */,
				228519FC28B4848500E699F6 /* Release */,
			);
			defaultConfigurationIsVisible = 0;
			defaultConfigurationName = Release;
		};
		228519FD28B4848500E699F6 /* Build configuration list for PBXNativeTarget "Sunda (macOS)" */ = {
			isa = XCConfigurationList;
			buildConfigurations = (
				228519FE28B4848500E699F6 /* Debug */,
				228519FF28B4848500E699F6 /* Release */,
			);
			defaultConfigurationIsVisible = 0;
			defaultConfigurationName = Release;
		};
		22851A0028B4848500E699F6 /* Build configuration list for PBXNativeTarget "Tests iOS" */ = {
			isa = XCConfigurationList;
			buildConfigurations = (
				22851A0128B4848500E699F6 /* Debug */,
				22851A0228B4848500E699F6 /* Release */,
			);
			defaultConfigurationIsVisible = 0;
			defaultConfigurationName = Release;
		};
		22851A0328B4848500E699F6 /* Build configuration list for PBXNativeTarget "Tests macOS" */ = {
			isa = XCConfigurationList;
			buildConfigurations = (
				22851A0428B4848500E699F6 /* Debug */,
				22851A0528B4848500E699F6 /* Release */,
			);
			defaultConfigurationIsVisible = 0;
			defaultConfigurationName = Release;
		};
/* End XCConfigurationList section */
	};
	rootObject = 228519C528B4847D00E699F6 /* Project object */;
}
